
Microsoft Visual Studio Solution File, Format Version 12.00
# Visual Studio Version 17
VisualStudioVersion = 17.3.32819.101
MinimumVisualStudioVersion = 10.0.40219.1
Project("{FAE04EC0-301F-11D3-BF4B-00C04F79EFBC}") = "Ubytec", "Ubytec\Ubytec.csproj", "{1FC24C9C-4E6A-455C-B556-A36DCA035CB3}"
EndProject
Global
	GlobalSection(SolutionConfigurationPlatforms) = preSolution
		Debug|Any CPU = Debug|Any CPU
		Release|Any CPU = Release|Any CPU
	EndGlobalSection
	GlobalSection(ProjectConfigurationPlatforms) = postSolution
		{1FC24C9C-4E6A-455C-B556-A36DCA035CB3}.Debug|Any CPU.ActiveCfg = Debug|Any CPU
		{1FC24C9C-4E6A-455C-B556-A36DCA035CB3}.Debug|Any CPU.Build.0 = Debug|Any CPU
		{1FC24C9C-4E6A-455C-B556-A36DCA035CB3}.Release|Any CPU.ActiveCfg = Release|Any CPU
		{1FC24C9C-4E6A-455C-B556-A36DCA035CB3}.Release|Any CPU.Build.0 = Release|Any CPU
	EndGlobalSection
	GlobalSection(SolutionProperties) = preSolution
		HideSolutionNode = FALSE
	EndGlobalSection
	GlobalSection(ExtensibilityGlobals) = postSolution
		SolutionGuid = {A489E8F5-0E38-438C-BF79-1D2CCDE4E9FD}
	EndGlobalSection
EndGlobal
